
Microsoft Visual Studio Solution File, Format Version 12.00
# Visual Studio Version 17
VisualStudioVersion = 17.14.36518.9 d17.14
MinimumVisualStudioVersion = 10.0.40219.1
Project("{FAE04EC0-301F-11D3-BF4B-00C04F79EFBC}") = "ProgLangLab2", "ProgLangLab2.csproj", "{CE613B48-D9AA-4270-9E49-4C460010CD89}"
EndProject
Global
	GlobalSection(SolutionConfigurationPlatforms) = preSolution
		Debug|Any CPU = Debug|Any CPU
		Release|Any CPU = Release|Any CPU
	EndGlobalSection
	GlobalSection(ProjectConfigurationPlatforms) = postSolution
		{CE613B48-D9AA-4270-9E49-4C460010CD89}.Debug|Any CPU.ActiveCfg = Debug|Any CPU
		{CE613B48-D9AA-4270-9E49-4C460010CD89}.Debug|Any CPU.Build.0 = Debug|Any CPU
		{CE613B48-D9AA-4270-9E49-4C460010CD89}.Release|Any CPU.ActiveCfg = Release|Any CPU
		{CE613B48-D9AA-4270-9E49-4C460010CD89}.Release|Any CPU.Build.0 = Release|Any CPU
	EndGlobalSection
	GlobalSection(SolutionProperties) = preSolution
		HideSolutionNode = FALSE
	EndGlobalSection
	GlobalSection(ExtensibilityGlobals) = postSolution
		SolutionGuid = {E9AE644B-D80B-49B7-A43E-B218BA73260A}
	EndGlobalSection
EndGlobal
